
Microsoft Visual Studio Solution File, Format Version 12.00
# Visual Studio Version 16
VisualStudioVersion = 16.0.810.10
MinimumVisualStudioVersion = 10.0.40219.1
Project("{FAE04EC0-301F-11D3-BF4B-00C04F79EFBC}") = "CalcApp", "CalcApp\CalcApp.csproj", "{9A4E7CDB-9F38-4A4B-94B2-6F988FF93A19}"
EndProject
Project("{FAE04EC0-301F-11D3-BF4B-00C04F79EFBC}") = "Calculator.Tests", "Calculator.Tests\Calculator.Tests.csproj", "{1DAB4646-BE9F-4B3D-BF08-D3B89A143A37}"
EndProject
Global
	GlobalSection(SolutionConfigurationPlatforms) = preSolution
		Debug|Any CPU = Debug|Any CPU
		Release|Any CPU = Release|Any CPU
	EndGlobalSection
	GlobalSection(ProjectConfigurationPlatforms) = postSolution
		{9A4E7CDB-9F38-4A4B-94B2-6F988FF93A19}.Debug|Any CPU.ActiveCfg = Debug|Any CPU
		{9A4E7CDB-9F38-4A4B-94B2-6F988FF93A19}.Debug|Any CPU.Build.0 = Debug|Any CPU
		{9A4E7CDB-9F38-4A4B-94B2-6F988FF93A19}.Release|Any CPU.ActiveCfg = Release|Any CPU
		{9A4E7CDB-9F38-4A4B-94B2-6F988FF93A19}.Release|Any CPU.Build.0 = Release|Any CPU
		{1DAB4646-BE9F-4B3D-BF08-D3B89A143A37}.Debug|Any CPU.ActiveCfg = Debug|Any CPU
		{1DAB4646-BE9F-4B3D-BF08-D3B89A143A37}.Debug|Any CPU.Build.0 = Debug|Any CPU
		{1DAB4646-BE9F-4B3D-BF08-D3B89A143A37}.Release|Any CPU.ActiveCfg = Release|Any CPU
		{1DAB4646-BE9F-4B3D-BF08-D3B89A143A37}.Release|Any CPU.Build.0 = Release|Any CPU
	EndGlobalSection
	GlobalSection(SolutionProperties) = preSolution
		HideSolutionNode = FALSE
	EndGlobalSection
	GlobalSection(ExtensibilityGlobals) = postSolution
		SolutionGuid = {C097DA55-E1AA-4338-BA4B-08A1CD14F31C}
	EndGlobalSection
EndGlobal
